
Microsoft Visual Studio Solution File, Format Version 12.00
# Visual Studio 15
VisualStudioVersion = 15.0.26430.16
MinimumVisualStudioVersion = 10.0.40219.1
Project("{FAE04EC0-301F-11D3-BF4B-00C04F79EFBC}") = "Metodo_Dentro_De_Evento", "Metodo_Dentro_De_Evento.csproj", "{6A7EE4D7-5AC7-42D8-A8A8-AEC246A69D39}"
EndProject
Global
	GlobalSection(SolutionConfigurationPlatforms) = preSolution
		Debug|Any CPU = Debug|Any CPU
		Release|Any CPU = Release|Any CPU
	EndGlobalSection
	GlobalSection(ProjectConfigurationPlatforms) = postSolution
		{6A7EE4D7-5AC7-42D8-A8A8-AEC246A69D39}.Debug|Any CPU.ActiveCfg = Debug|Any CPU
		{6A7EE4D7-5AC7-42D8-A8A8-AEC246A69D39}.Debug|Any CPU.Build.0 = Debug|Any CPU
		{6A7EE4D7-5AC7-42D8-A8A8-AEC246A69D39}.Release|Any CPU.ActiveCfg = Release|Any CPU
		{6A7EE4D7-5AC7-42D8-A8A8-AEC246A69D39}.Release|Any CPU.Build.0 = Release|Any CPU
	EndGlobalSection
	GlobalSection(SolutionProperties) = preSolution
		HideSolutionNode = FALSE
	EndGlobalSection
EndGlobal
