
Microsoft Visual Studio Solution File, Format Version 12.00
# Visual Studio 15
VisualStudioVersion = 15.0.28307.329
MinimumVisualStudioVersion = 10.0.40219.1
Project("{FAE04EC0-301F-11D3-BF4B-00C04F79EFBC}") = "CalculadoraWindowsWPF", "CalculadoraWindowsWPF\CalculadoraWindowsWPF.csproj", "{50181E9C-793D-4C46-866E-0C581904B7ED}"
EndProject
Global
	GlobalSection(SolutionConfigurationPlatforms) = preSolution
		Debug|Any CPU = Debug|Any CPU
		Release|Any CPU = Release|Any CPU
	EndGlobalSection
	GlobalSection(ProjectConfigurationPlatforms) = postSolution
		{50181E9C-793D-4C46-866E-0C581904B7ED}.Debug|Any CPU.ActiveCfg = Debug|Any CPU
		{50181E9C-793D-4C46-866E-0C581904B7ED}.Debug|Any CPU.Build.0 = Debug|Any CPU
		{50181E9C-793D-4C46-866E-0C581904B7ED}.Release|Any CPU.ActiveCfg = Release|Any CPU
		{50181E9C-793D-4C46-866E-0C581904B7ED}.Release|Any CPU.Build.0 = Release|Any CPU
	EndGlobalSection
	GlobalSection(SolutionProperties) = preSolution
		HideSolutionNode = FALSE
	EndGlobalSection
	GlobalSection(ExtensibilityGlobals) = postSolution
		SolutionGuid = {5C72642F-80D5-4DA0-B7FF-6A3682CF569F}
	EndGlobalSection
EndGlobal
